// !$*UTF8*$!
{
	archiveVersion = 1;
	classes = {
	};
	objectVersion = 48;
	objects = {

/* Begin PBXBuildFile section */
		8359350BD8694E87D4F85C14 /* LiveViewManager.m in Sources */ = {isa = PBXBuildFile; fileRef = 835933CF415FF5E3EB0E7CB6 /* LiveViewManager.m */; };
		8359391ECA00E05925F530F6 /* AppDelegate.m in Sources */ = {isa = PBXBuildFile; fileRef = 83593727349AED79DFC4307E /* AppDelegate.m */; };
		83593BFCC5EAFA9199ADBF70 /* main.m in Sources */ = {isa = PBXBuildFile; fileRef = 8359380317879E65DEA1FCC3 /* main.m */; };
		CAE3E1381FC275BF0080A900 /* DVTPlaygroundCommunication.framework in Frameworks */ = {isa = PBXBuildFile; fileRef = CAE3E1371FC275BF0080A900 /* DVTPlaygroundCommunication.framework */; settings = {ATTRIBUTES = (Required, ); }; };
		CAF37C511FBE9AE30023DB72 /* Assets.xcassets in Resources */ = {isa = PBXBuildFile; fileRef = CAF37C501FBE9AE30023DB72 /* Assets.xcassets */; };
		CAF37C541FBE9AE30023DB72 /* LaunchScreen.storyboard in Resources */ = {isa = PBXBuildFile; fileRef = CAF37C521FBE9AE30023DB72 /* LaunchScreen.storyboard */; };
/* End PBXBuildFile section */

/* Begin PBXFileReference section */
		83593019816FADDD7B196D53 /* LiveViewManager.h */ = {isa = PBXFileReference; fileEncoding = 4; lastKnownFileType = sourcecode.c.h; path = LiveViewManager.h; sourceTree = "<group>"; };
		835933CF415FF5E3EB0E7CB6 /* LiveViewManager.m */ = {isa = PBXFileReference; fileEncoding = 4; lastKnownFileType = sourcecode.c.objc; path = LiveViewManager.m; sourceTree = "<group>"; };
		83593727349AED79DFC4307E /* AppDelegate.m */ = {isa = PBXFileReference; fileEncoding = 4; lastKnownFileType = sourcecode.c.objc; path = AppDelegate.m; sourceTree = "<group>"; };
		8359380317879E65DEA1FCC3 /* main.m */ = {isa = PBXFileReference; fileEncoding = 4; lastKnownFileType = sourcecode.c.objc; path = main.m; sourceTree = "<group>"; };
		83593A36FE06D59931637E74 /* AppDelegate.h */ = {isa = PBXFileReference; fileEncoding = 4; lastKnownFileType = sourcecode.c.h; path = AppDelegate.h; sourceTree = "<group>"; };
		CAE3E1371FC275BF0080A900 /* DVTPlaygroundCommunication.framework */ = {isa = PBXFileReference; lastKnownFileType = wrapper.framework; name = DVTPlaygroundCommunication.framework; path = Platforms/iPhoneSimulator.platform/Developer/Library/PrivateFrameworks/DVTPlaygroundCommunication.framework; sourceTree = DEVELOPER_DIR; };
		CAF37C461FBE9AE30023DB72 /* JungleGymStub.app */ = {isa = PBXFileReference; explicitFileType = wrapper.application; includeInIndex = 0; path = JungleGymStub.app; sourceTree = BUILT_PRODUCTS_DIR; };
		CAF37C501FBE9AE30023DB72 /* Assets.xcassets */ = {isa = PBXFileReference; lastKnownFileType = folder.assetcatalog; path = Assets.xcassets; sourceTree = "<group>"; };
		CAF37C531FBE9AE30023DB72 /* Base */ = {isa = PBXFileReference; lastKnownFileType = file.storyboard; name = Base; path = Base.lproj/LaunchScreen.storyboard; sourceTree = "<group>"; };
		CAF37C551FBE9AE30023DB72 /* Info.plist */ = {isa = PBXFileReference; lastKnownFileType = text.plist.xml; path = Info.plist; sourceTree = "<group>"; };
/* End PBXFileReference section */

/* Begin PBXFrameworksBuildPhase section */
		CAF37C431FBE9AE30023DB72 /* Frameworks */ = {
			isa = PBXFrameworksBuildPhase;
			buildActionMask = 2147483647;
			files = (
				CAE3E1381FC275BF0080A900 /* DVTPlaygroundCommunication.framework in Frameworks */,
			);
			runOnlyForDeploymentPostprocessing = 0;
		};
/* End PBXFrameworksBuildPhase section */

/* Begin PBXGroup section */
		CAE3E1361FC275BF0080A900 /* Frameworks */ = {
			isa = PBXGroup;
			children = (
				CAE3E1371FC275BF0080A900 /* DVTPlaygroundCommunication.framework */,
			);
			name = Frameworks;
			sourceTree = "<group>";
		};
		CAF37C3D1FBE9AE30023DB72 = {
			isa = PBXGroup;
			children = (
				CAF37C481FBE9AE30023DB72 /* JungleGymStub */,
				CAF37C471FBE9AE30023DB72 /* Products */,
				CAE3E1361FC275BF0080A900 /* Frameworks */,
			);
			sourceTree = "<group>";
		};
		CAF37C471FBE9AE30023DB72 /* Products */ = {
			isa = PBXGroup;
			children = (
				CAF37C461FBE9AE30023DB72 /* JungleGymStub.app */,
			);
			name = Products;
			sourceTree = "<group>";
		};
		CAF37C481FBE9AE30023DB72 /* JungleGymStub */ = {
			isa = PBXGroup;
			children = (
				83593A36FE06D59931637E74 /* AppDelegate.h */,
				83593727349AED79DFC4307E /* AppDelegate.m */,
				83593019816FADDD7B196D53 /* LiveViewManager.h */,
				835933CF415FF5E3EB0E7CB6 /* LiveViewManager.m */,
				CAF37C501FBE9AE30023DB72 /* Assets.xcassets */,
				CAF37C521FBE9AE30023DB72 /* LaunchScreen.storyboard */,
				CAF37C551FBE9AE30023DB72 /* Info.plist */,
				8359380317879E65DEA1FCC3 /* main.m */,
			);
			path = JungleGymStub;
			sourceTree = "<group>";
		};
/* End PBXGroup section */

/* Begin PBXNativeTarget section */
		CAF37C451FBE9AE30023DB72 /* JungleGymStub */ = {
			isa = PBXNativeTarget;
			buildConfigurationList = CAF37C581FBE9AE30023DB72 /* Build configuration list for PBXNativeTarget "JungleGymStub" */;
			buildPhases = (
				CAF37C421FBE9AE30023DB72 /* Sources */,
				CAF37C431FBE9AE30023DB72 /* Frameworks */,
				CAF37C441FBE9AE30023DB72 /* Resources */,
			);
			buildRules = (
			);
			dependencies = (
			);
			name = JungleGymStub;
			productName = JungleGymStub;
			productReference = CAF37C461FBE9AE30023DB72 /* JungleGymStub.app */;
			productType = "com.apple.product-type.application";
		};
/* End PBXNativeTarget section */

/* Begin PBXProject section */
		CAF37C3E1FBE9AE30023DB72 /* Project object */ = {
			isa = PBXProject;
			attributes = {
				LastSwiftUpdateCheck = 0900;
				LastUpgradeCheck = 0900;
				ORGANIZATIONNAME = "Brandon Evans";
				TargetAttributes = {
					CAF37C451FBE9AE30023DB72 = {
						CreatedOnToolsVersion = 9.0;
						ProvisioningStyle = Automatic;
					};
				};
			};
			buildConfigurationList = CAF37C411FBE9AE30023DB72 /* Build configuration list for PBXProject "JungleGymStub" */;
			compatibilityVersion = "Xcode 8.0";
			developmentRegion = en;
			hasScannedForEncodings = 0;
			knownRegions = (
				en,
				Base,
			);
			mainGroup = CAF37C3D1FBE9AE30023DB72;
			productRefGroup = CAF37C471FBE9AE30023DB72 /* Products */;
			projectDirPath = "";
			projectRoot = "";
			targets = (
				CAF37C451FBE9AE30023DB72 /* JungleGymStub */,
			);
		};
/* End PBXProject section */

/* Begin PBXResourcesBuildPhase section */
		CAF37C441FBE9AE30023DB72 /* Resources */ = {
			isa = PBXResourcesBuildPhase;
			buildActionMask = 2147483647;
			files = (
				CAF37C541FBE9AE30023DB72 /* LaunchScreen.storyboard in Resources */,
				CAF37C511FBE9AE30023DB72 /* Assets.xcassets in Resources */,
			);
			runOnlyForDeploymentPostprocessing = 0;
		};
/* End PBXResourcesBuildPhase section */

/* Begin PBXSourcesBuildPhase section */
		CAF37C421FBE9AE30023DB72 /* Sources */ = {
			isa = PBXSourcesBuildPhase;
			buildActionMask = 2147483647;
			files = (
				8359391ECA00E05925F530F6 /* AppDelegate.m in Sources */,
				8359350BD8694E87D4F85C14 /* LiveViewManager.m in Sources */,
				83593BFCC5EAFA9199ADBF70 /* main.m in Sources */,
			);
			runOnlyForDeploymentPostprocessing = 0;
		};
/* End PBXSourcesBuildPhase section */

/* Begin PBXVariantGroup section */
		CAF37C521FBE9AE30023DB72 /* LaunchScreen.storyboard */ = {
			isa = PBXVariantGroup;
			children = (
				CAF37C531FBE9AE30023DB72 /* Base */,
			);
			name = LaunchScreen.storyboard;
			sourceTree = "<group>";
		};
/* End PBXVariantGroup section */

/* Begin XCBuildConfiguration section */
		CAF37C561FBE9AE30023DB72 /* Debug */ = {
			isa = XCBuildConfiguration;
			buildSettings = {
				ALWAYS_SEARCH_USER_PATHS = NO;
				CLANG_ANALYZER_NONNULL = YES;
				CLANG_ANALYZER_NUMBER_OBJECT_CONVERSION = YES_AGGRESSIVE;
				CLANG_CXX_LANGUAGE_STANDARD = "gnu++14";
				CLANG_CXX_LIBRARY = "libc++";
				CLANG_ENABLE_MODULES = YES;
				CLANG_ENABLE_OBJC_ARC = YES;
				CLANG_WARN_BLOCK_CAPTURE_AUTORELEASING = YES;
				CLANG_WARN_BOOL_CONVERSION = YES;
				CLANG_WARN_COMMA = YES;
				CLANG_WARN_CONSTANT_CONVERSION = YES;
				CLANG_WARN_DIRECT_OBJC_ISA_USAGE = YES_ERROR;
				CLANG_WARN_DOCUMENTATION_COMMENTS = YES;
				CLANG_WARN_EMPTY_BODY = YES;
				CLANG_WARN_ENUM_CONVERSION = YES;
				CLANG_WARN_INFINITE_RECURSION = YES;
				CLANG_WARN_INT_CONVERSION = YES;
				CLANG_WARN_NON_LITERAL_NULL_CONVERSION = YES;
				CLANG_WARN_OBJC_LITERAL_CONVERSION = YES;
				CLANG_WARN_OBJC_ROOT_CLASS = YES_ERROR;
				CLANG_WARN_RANGE_LOOP_ANALYSIS = YES;
				CLANG_WARN_STRICT_PROTOTYPES = YES;
				CLANG_WARN_SUSPICIOUS_MOVE = YES;
				CLANG_WARN_UNGUARDED_AVAILABILITY = YES_AGGRESSIVE;
				CLANG_WARN_UNREACHABLE_CODE = YES;
				CLANG_WARN__DUPLICATE_METHOD_MATCH = YES;
				CODE_SIGN_IDENTITY = "iPhone Developer";
				COPY_PHASE_STRIP = NO;
				DEBUG_INFORMATION_FORMAT = dwarf;
				ENABLE_STRICT_OBJC_MSGSEND = YES;
				ENABLE_TESTABILITY = YES;
				GCC_C_LANGUAGE_STANDARD = gnu11;
				GCC_DYNAMIC_NO_PIC = NO;
				GCC_NO_COMMON_BLOCKS = YES;
				GCC_OPTIMIZATION_LEVEL = 0;
				GCC_PREPROCESSOR_DEFINITIONS = (
					"DEBUG=1",
					"$(inherited)",
				);
				GCC_WARN_64_TO_32_BIT_CONVERSION = YES;
				GCC_WARN_ABOUT_RETURN_TYPE = YES_ERROR;
				GCC_WARN_UNDECLARED_SELECTOR = YES;
				GCC_WARN_UNINITIALIZED_AUTOS = YES_AGGRESSIVE;
				GCC_WARN_UNUSED_FUNCTION = YES;
				GCC_WARN_UNUSED_VARIABLE = YES;
				IPHONEOS_DEPLOYMENT_TARGET = 11.0;
				MTL_ENABLE_DEBUG_INFO = YES;
				ONLY_ACTIVE_ARCH = YES;
				SDKROOT = iphoneos;
				SWIFT_ACTIVE_COMPILATION_CONDITIONS = DEBUG;
				SWIFT_OPTIMIZATION_LEVEL = "-Onone";
			};
			name = Debug;
		};
		CAF37C571FBE9AE30023DB72 /* Release */ = {
			isa = XCBuildConfiguration;
			buildSettings = {
				ALWAYS_SEARCH_USER_PATHS = NO;
				CLANG_ANALYZER_NONNULL = YES;
				CLANG_ANALYZER_NUMBER_OBJECT_CONVERSION = YES_AGGRESSIVE;
				CLANG_CXX_LANGUAGE_STANDARD = "gnu++14";
				CLANG_CXX_LIBRARY = "libc++";
				CLANG_ENABLE_MODULES = YES;
				CLANG_ENABLE_OBJC_ARC = YES;
				CLANG_WARN_BLOCK_CAPTURE_AUTORELEASING = YES;
				CLANG_WARN_BOOL_CONVERSION = YES;
				CLANG_WARN_COMMA = YES;
				CLANG_WARN_CONSTANT_CONVERSION = YES;
				CLANG_WARN_DIRECT_OBJC_ISA_USAGE = YES_ERROR;
				CLANG_WARN_DOCUMENTATION_COMMENTS = YES;
				CLANG_WARN_EMPTY_BODY = YES;
				CLANG_WARN_ENUM_CONVERSION = YES;
				CLANG_WARN_INFINITE_RECURSION = YES;
				CLANG_WARN_INT_CONVERSION = YES;
				CLANG_WARN_NON_LITERAL_NULL_CONVERSION = YES;
				CLANG_WARN_OBJC_LITERAL_CONVERSION = YES;
				CLANG_WARN_OBJC_ROOT_CLASS = YES_ERROR;
				CLANG_WARN_RANGE_LOOP_ANALYSIS = YES;
				CLANG_WARN_STRICT_PROTOTYPES = YES;
				CLANG_WARN_SUSPICIOUS_MOVE = YES;
				CLANG_WARN_UNGUARDED_AVAILABILITY = YES_AGGRESSIVE;
				CLANG_WARN_UNREACHABLE_CODE = YES;
				CLANG_WARN__DUPLICATE_METHOD_MATCH = YES;
				CODE_SIGN_IDENTITY = "iPhone Developer";
				COPY_PHASE_STRIP = NO;
				DEBUG_INFORMATION_FORMAT = "dwarf-with-dsym";
				ENABLE_NS_ASSERTIONS = NO;
				ENABLE_STRICT_OBJC_MSGSEND = YES;
				GCC_C_LANGUAGE_STANDARD = gnu11;
				GCC_NO_COMMON_BLOCKS = YES;
				GCC_WARN_64_TO_32_BIT_CONVERSION = YES;
				GCC_WARN_ABOUT_RETURN_TYPE = YES_ERROR;
				GCC_WARN_UNDECLARED_SELECTOR = YES;
				GCC_WARN_UNINITIALIZED_AUTOS = YES_AGGRESSIVE;
				GCC_WARN_UNUSED_FUNCTION = YES;
				GCC_WARN_UNUSED_VARIABLE = YES;
				IPHONEOS_DEPLOYMENT_TARGET = 11.0;
				MTL_ENABLE_DEBUG_INFO = NO;
				SDKROOT = iphoneos;
				SWIFT_OPTIMIZATION_LEVEL = "-Owholemodule";
				VALIDATE_PRODUCT = YES;
			};
			name = Release;
		};
		CAF37C591FBE9AE30023DB72 /* Debug */ = {
			isa = XCBuildConfiguration;
			buildSettings = {
				ASSETCATALOG_COMPILER_APPICON_NAME = AppIcon;
				CODE_SIGN_STYLE = Automatic;
				DEVELOPMENT_TEAM = Z2R9WCWER2;
				FRAMEWORK_SEARCH_PATHS = "$(DEVELOPER_DIR)/Platforms/iPhoneSimulator.platform/Developer/Library/PrivateFrameworks";
				INFOPLIST_FILE = JungleGymStub/Info.plist;
				LD_RUNPATH_SEARCH_PATHS = "$(inherited) @executable_path/Frameworks $(DEVELOPER_DIR)/Platforms/iPhoneSimulator.platform/Developer/Library/PrivateFrameworks";
				PRODUCT_BUNDLE_IDENTIFIER = ca.brandonevans.JungleGymStub;
				PRODUCT_NAME = "$(TARGET_NAME)";
				SWIFT_VERSION = 4.0;
				TARGETED_DEVICE_FAMILY = "1,2";
			};
			name = Debug;
		};
		CAF37C5A1FBE9AE30023DB72 /* Release */ = {
			isa = XCBuildConfiguration;
			buildSettings = {
				ASSETCATALOG_COMPILER_APPICON_NAME = AppIcon;
				CODE_SIGN_STYLE = Automatic;
				DEVELOPMENT_TEAM = Z2R9WCWER2;
				FRAMEWORK_SEARCH_PATHS = "$(DEVELOPER_DIR)/Platforms/iPhoneSimulator.platform/Developer/Library/PrivateFrameworks";
				INFOPLIST_FILE = JungleGymStub/Info.plist;
				LD_RUNPATH_SEARCH_PATHS = "$(inherited) @executable_path/Frameworks $(DEVELOPER_DIR)/Platforms/iPhoneSimulator.platform/Developer/Library/PrivateFrameworks";
				PRODUCT_BUNDLE_IDENTIFIER = ca.brandonevans.JungleGymStub;
				PRODUCT_NAME = "$(TARGET_NAME)";
				SWIFT_VERSION = 4.0;
				TARGETED_DEVICE_FAMILY = "1,2";
			};
			name = Release;
		};
/* End XCBuildConfiguration section */

/* Begin XCConfigurationList section */
		CAF37C411FBE9AE30023DB72 /* Build configuration list for PBXProject "JungleGymStub" */ = {
			isa = XCConfigurationList;
			buildConfigurations = (
				CAF37C561FBE9AE30023DB72 /* Debug */,
				CAF37C571FBE9AE30023DB72 /* Release */,
			);
			defaultConfigurationIsVisible = 0;
			defaultConfigurationName = Release;
		};
		CAF37C581FBE9AE30023DB72 /* Build configuration list for PBXNativeTarget "JungleGymStub" */ = {
			isa = XCConfigurationList;
			buildConfigurations = (
				CAF37C591FBE9AE30023DB72 /* Debug */,
				CAF37C5A1FBE9AE30023DB72 /* Release */,
			);
			defaultConfigurationIsVisible = 0;
			defaultConfigurationName = Release;
		};
/* End XCConfigurationList section */
	};
	rootObject = CAF37C3E1FBE9AE30023DB72 /* Project object */;
}
