// !$*UTF8*$!
{
	archiveVersion = 1;
	classes = {
	};
	objectVersion = 48;
	objects = {

/* Begin PBXBuildFile section */
		CA3018631FC7DE7500F0F070 /* Playground.swift in Sources */ = {isa = PBXBuildFile; fileRef = CA3018621FC7DE7500F0F070 /* Playground.swift */; };
		CA4AA7F31FC3E0E200113C8E /* ExecutionSession.swift in Sources */ = {isa = PBXBuildFile; fileRef = CA4AA7F21FC3E0E200113C8E /* ExecutionSession.swift */; };
		CA4AA7F51FC3EB8A00113C8E /* EditorViewController.swift in Sources */ = {isa = PBXBuildFile; fileRef = CA4AA7F41FC3EB8A00113C8E /* EditorViewController.swift */; };
		CA4AA7F71FC3EBD000113C8E /* PlaygroundWindowController.swift in Sources */ = {isa = PBXBuildFile; fileRef = CA4AA7F61FC3EBD000113C8E /* PlaygroundWindowController.swift */; };
		CA4BF3081FBE990800037C95 /* AppDelegate.swift in Sources */ = {isa = PBXBuildFile; fileRef = CA4BF3071FBE990800037C95 /* AppDelegate.swift */; };
		CA4BF30A1FBE990800037C95 /* SimulatorViewController.swift in Sources */ = {isa = PBXBuildFile; fileRef = CA4BF3091FBE990800037C95 /* SimulatorViewController.swift */; };
		CA4BF30C1FBE990800037C95 /* Assets.xcassets in Resources */ = {isa = PBXBuildFile; fileRef = CA4BF30B1FBE990800037C95 /* Assets.xcassets */; };
		CA4BF30F1FBE990800037C95 /* Main.storyboard in Resources */ = {isa = PBXBuildFile; fileRef = CA4BF30D1FBE990800037C95 /* Main.storyboard */; };
		CA5075151FCD1B5900E4F0FB /* FBSimulatorControl.framework in Frameworks */ = {isa = PBXBuildFile; fileRef = CA5075141FCD1B3700E4F0FB /* FBSimulatorControl.framework */; };
		CA5075161FCD1B5900E4F0FB /* FBSimulatorControl.framework in Embed Frameworks */ = {isa = PBXBuildFile; fileRef = CA5075141FCD1B3700E4F0FB /* FBSimulatorControl.framework */; settings = {ATTRIBUTES = (CodeSignOnCopy, RemoveHeadersOnCopy, ); }; };
		CA5075171FCD1B5900E4F0FB /* SourceKittenFramework.framework in Frameworks */ = {isa = PBXBuildFile; fileRef = CA5075121FCD1B3600E4F0FB /* SourceKittenFramework.framework */; };
		CA5075181FCD1B5900E4F0FB /* SourceKittenFramework.framework in Embed Frameworks */ = {isa = PBXBuildFile; fileRef = CA5075121FCD1B3600E4F0FB /* SourceKittenFramework.framework */; settings = {ATTRIBUTES = (CodeSignOnCopy, RemoveHeadersOnCopy, ); }; };
		CA50751F1FCD1B8A00E4F0FB /* LLDBWrapper.framework in Frameworks */ = {isa = PBXBuildFile; fileRef = CA50751D1FCD1B7800E4F0FB /* LLDBWrapper.framework */; };
		CAF37A271FCD07A50080FFB9 /* RulerView.swift in Sources */ = {isa = PBXBuildFile; fileRef = CAF37A261FCD07A50080FFB9 /* RulerView.swift */; };
		CAF37A291FCD07BE0080FFB9 /* SwiftSyntaxHighlighter.swift in Sources */ = {isa = PBXBuildFile; fileRef = CAF37A281FCD07BE0080FFB9 /* SwiftSyntaxHighlighter.swift */; };
		CAF37CBA1FBFFC860023DB72 /* SimulatorManager.swift in Sources */ = {isa = PBXBuildFile; fileRef = CAF37CB91FBFFC860023DB72 /* SimulatorManager.swift */; };
		CAF37CBD1FC0B3830023DB72 /* StubAppGenerator.swift in Sources */ = {isa = PBXBuildFile; fileRef = CAF37CBC1FC0B3830023DB72 /* StubAppGenerator.swift */; };
		CAF37CBF1FC0BF300023DB72 /* Process.swift in Sources */ = {isa = PBXBuildFile; fileRef = CAF37CBE1FC0BF300023DB72 /* Process.swift */; };
		CAF37CC41FC165910023DB72 /* Debugger.swift in Sources */ = {isa = PBXBuildFile; fileRef = CAF37CC31FC165910023DB72 /* Debugger.swift */; };
/* End PBXBuildFile section */

/* Begin PBXCopyFilesBuildPhase section */
		CAF37CAE1FBFF64A0023DB72 /* Embed Frameworks */ = {
			isa = PBXCopyFilesBuildPhase;
			buildActionMask = 2147483647;
			dstPath = "";
			dstSubfolderSpec = 10;
			files = (
				CA5075161FCD1B5900E4F0FB /* FBSimulatorControl.framework in Embed Frameworks */,
				CA5075181FCD1B5900E4F0FB /* SourceKittenFramework.framework in Embed Frameworks */,
			);
			name = "Embed Frameworks";
			runOnlyForDeploymentPostprocessing = 0;
		};
/* End PBXCopyFilesBuildPhase section */

/* Begin PBXFileReference section */
		CA3018621FC7DE7500F0F070 /* Playground.swift */ = {isa = PBXFileReference; lastKnownFileType = sourcecode.swift; path = Playground.swift; sourceTree = "<group>"; };
		CA4AA7F21FC3E0E200113C8E /* ExecutionSession.swift */ = {isa = PBXFileReference; lastKnownFileType = sourcecode.swift; path = ExecutionSession.swift; sourceTree = "<group>"; };
		CA4AA7F41FC3EB8A00113C8E /* EditorViewController.swift */ = {isa = PBXFileReference; lastKnownFileType = sourcecode.swift; path = EditorViewController.swift; sourceTree = "<group>"; };
		CA4AA7F61FC3EBD000113C8E /* PlaygroundWindowController.swift */ = {isa = PBXFileReference; lastKnownFileType = sourcecode.swift; path = PlaygroundWindowController.swift; sourceTree = "<group>"; };
		CA4BF3041FBE990800037C95 /* JungleGym.app */ = {isa = PBXFileReference; explicitFileType = wrapper.application; includeInIndex = 0; path = JungleGym.app; sourceTree = BUILT_PRODUCTS_DIR; };
		CA4BF3071FBE990800037C95 /* AppDelegate.swift */ = {isa = PBXFileReference; lastKnownFileType = sourcecode.swift; path = AppDelegate.swift; sourceTree = "<group>"; };
		CA4BF3091FBE990800037C95 /* SimulatorViewController.swift */ = {isa = PBXFileReference; lastKnownFileType = sourcecode.swift; path = SimulatorViewController.swift; sourceTree = "<group>"; };
		CA4BF30B1FBE990800037C95 /* Assets.xcassets */ = {isa = PBXFileReference; lastKnownFileType = folder.assetcatalog; path = Assets.xcassets; sourceTree = "<group>"; };
		CA4BF30E1FBE990800037C95 /* Base */ = {isa = PBXFileReference; lastKnownFileType = file.storyboard; name = Base; path = Base.lproj/Main.storyboard; sourceTree = "<group>"; };
		CA4BF3101FBE990800037C95 /* Info.plist */ = {isa = PBXFileReference; lastKnownFileType = text.plist.xml; path = Info.plist; sourceTree = "<group>"; };
		CA4BF3111FBE990800037C95 /* JungleGym.entitlements */ = {isa = PBXFileReference; lastKnownFileType = text.plist.entitlements; path = JungleGym.entitlements; sourceTree = "<group>"; };
		CA5075121FCD1B3600E4F0FB /* SourceKittenFramework.framework */ = {isa = PBXFileReference; lastKnownFileType = wrapper.framework; path = SourceKittenFramework.framework; sourceTree = BUILT_PRODUCTS_DIR; };
		CA5075141FCD1B3700E4F0FB /* FBSimulatorControl.framework */ = {isa = PBXFileReference; lastKnownFileType = wrapper.framework; path = FBSimulatorControl.framework; sourceTree = BUILT_PRODUCTS_DIR; };
		CA50751D1FCD1B7800E4F0FB /* LLDBWrapper.framework */ = {isa = PBXFileReference; lastKnownFileType = wrapper.framework; path = LLDBWrapper.framework; sourceTree = BUILT_PRODUCTS_DIR; };
		CAF37A261FCD07A50080FFB9 /* RulerView.swift */ = {isa = PBXFileReference; lastKnownFileType = sourcecode.swift; path = RulerView.swift; sourceTree = "<group>"; };
		CAF37A281FCD07BE0080FFB9 /* SwiftSyntaxHighlighter.swift */ = {isa = PBXFileReference; lastKnownFileType = sourcecode.swift; path = SwiftSyntaxHighlighter.swift; sourceTree = "<group>"; };
		CAF37A2C1FCD080A0080FFB9 /* README.md */ = {isa = PBXFileReference; fileEncoding = 4; lastKnownFileType = net.daringfireball.markdown; path = README.md; sourceTree = "<group>"; };
		CAF37CB91FBFFC860023DB72 /* SimulatorManager.swift */ = {isa = PBXFileReference; lastKnownFileType = sourcecode.swift; path = SimulatorManager.swift; sourceTree = "<group>"; };
		CAF37CBC1FC0B3830023DB72 /* StubAppGenerator.swift */ = {isa = PBXFileReference; lastKnownFileType = sourcecode.swift; path = StubAppGenerator.swift; sourceTree = "<group>"; };
		CAF37CBE1FC0BF300023DB72 /* Process.swift */ = {isa = PBXFileReference; lastKnownFileType = sourcecode.swift; path = Process.swift; sourceTree = "<group>"; };
		CAF37CC31FC165910023DB72 /* Debugger.swift */ = {isa = PBXFileReference; lastKnownFileType = sourcecode.swift; path = Debugger.swift; sourceTree = "<group>"; };
/* End PBXFileReference section */

/* Begin PBXFrameworksBuildPhase section */
		CA4BF3011FBE990800037C95 /* Frameworks */ = {
			isa = PBXFrameworksBuildPhase;
			buildActionMask = 2147483647;
			files = (
				CA50751F1FCD1B8A00E4F0FB /* LLDBWrapper.framework in Frameworks */,
				CA5075151FCD1B5900E4F0FB /* FBSimulatorControl.framework in Frameworks */,
				CA5075171FCD1B5900E4F0FB /* SourceKittenFramework.framework in Frameworks */,
			);
			runOnlyForDeploymentPostprocessing = 0;
		};
/* End PBXFrameworksBuildPhase section */

/* Begin PBXGroup section */
		CA4BF2FB1FBE990700037C95 = {
			isa = PBXGroup;
			children = (
				CAF37A2C1FCD080A0080FFB9 /* README.md */,
				CA4BF3061FBE990800037C95 /* JungleGym */,
				CA4BF3051FBE990800037C95 /* Products */,
				CA5075141FCD1B3700E4F0FB /* FBSimulatorControl.framework */,
				CA5075121FCD1B3600E4F0FB /* SourceKittenFramework.framework */,
				CA50751D1FCD1B7800E4F0FB /* LLDBWrapper.framework */,
			);
			sourceTree = "<group>";
		};
		CA4BF3051FBE990800037C95 /* Products */ = {
			isa = PBXGroup;
			children = (
				CA4BF3041FBE990800037C95 /* JungleGym.app */,
			);
			name = Products;
			sourceTree = "<group>";
		};
		CA4BF3061FBE990800037C95 /* JungleGym */ = {
			isa = PBXGroup;
			children = (
				CAF37A2B1FCD07E30080FFB9 /* Editor */,
				CA4BF3071FBE990800037C95 /* AppDelegate.swift */,
				CA4AA7F21FC3E0E200113C8E /* ExecutionSession.swift */,
				CAF37CB91FBFFC860023DB72 /* SimulatorManager.swift */,
				CAF37CBC1FC0B3830023DB72 /* StubAppGenerator.swift */,
				CAF37CC31FC165910023DB72 /* Debugger.swift */,
				CA4AA7F61FC3EBD000113C8E /* PlaygroundWindowController.swift */,
				CA4AA7F41FC3EB8A00113C8E /* EditorViewController.swift */,
				CA4BF3091FBE990800037C95 /* SimulatorViewController.swift */,
				CAF37CBE1FC0BF300023DB72 /* Process.swift */,
				CA3018621FC7DE7500F0F070 /* Playground.swift */,
				CA4BF30B1FBE990800037C95 /* Assets.xcassets */,
				CA4BF30D1FBE990800037C95 /* Main.storyboard */,
				CA4BF3101FBE990800037C95 /* Info.plist */,
				CA4BF3111FBE990800037C95 /* JungleGym.entitlements */,
			);
			path = JungleGym;
			sourceTree = "<group>";
		};
		CAF37A2B1FCD07E30080FFB9 /* Editor */ = {
			isa = PBXGroup;
			children = (
				CAF37A261FCD07A50080FFB9 /* RulerView.swift */,
				CAF37A281FCD07BE0080FFB9 /* SwiftSyntaxHighlighter.swift */,
			);
			path = Editor;
			sourceTree = "<group>";
		};
/* End PBXGroup section */

/* Begin PBXNativeTarget section */
		CA4BF3031FBE990800037C95 /* JungleGym */ = {
			isa = PBXNativeTarget;
			buildConfigurationList = CA4BF3141FBE990800037C95 /* Build configuration list for PBXNativeTarget "JungleGym" */;
			buildPhases = (
				CA4BF3001FBE990800037C95 /* Sources */,
				CA4BF3011FBE990800037C95 /* Frameworks */,
				CA4BF3021FBE990800037C95 /* Resources */,
				CAF37CBB1FC0B0D20023DB72 /* Build Stub and Copy as Resource */,
				CAF37CAE1FBFF64A0023DB72 /* Embed Frameworks */,
				CAF37CB81FBFFB1D0023DB72 /* Code Sign Frameworks */,
			);
			buildRules = (
			);
			dependencies = (
			);
			name = JungleGym;
			productName = JungleGym;
			productReference = CA4BF3041FBE990800037C95 /* JungleGym.app */;
			productType = "com.apple.product-type.application";
		};
/* End PBXNativeTarget section */

/* Begin PBXProject section */
		CA4BF2FC1FBE990700037C95 /* Project object */ = {
			isa = PBXProject;
			attributes = {
				LastSwiftUpdateCheck = 0900;
				LastUpgradeCheck = 0910;
				ORGANIZATIONNAME = "Brandon Evans";
				TargetAttributes = {
					CA4BF3031FBE990800037C95 = {
						CreatedOnToolsVersion = 9.0;
						ProvisioningStyle = Automatic;
						SystemCapabilities = {
							com.apple.Sandbox = {
								enabled = 0;
							};
						};
					};
				};
			};
			buildConfigurationList = CA4BF2FF1FBE990700037C95 /* Build configuration list for PBXProject "JungleGym" */;
			compatibilityVersion = "Xcode 8.0";
			developmentRegion = en;
			hasScannedForEncodings = 0;
			knownRegions = (
				en,
				Base,
			);
			mainGroup = CA4BF2FB1FBE990700037C95;
			productRefGroup = CA4BF3051FBE990800037C95 /* Products */;
			projectDirPath = "";
			projectRoot = "";
			targets = (
				CA4BF3031FBE990800037C95 /* JungleGym */,
			);
		};
/* End PBXProject section */

/* Begin PBXResourcesBuildPhase section */
		CA4BF3021FBE990800037C95 /* Resources */ = {
			isa = PBXResourcesBuildPhase;
			buildActionMask = 2147483647;
			files = (
				CA4BF30C1FBE990800037C95 /* Assets.xcassets in Resources */,
				CA4BF30F1FBE990800037C95 /* Main.storyboard in Resources */,
			);
			runOnlyForDeploymentPostprocessing = 0;
		};
/* End PBXResourcesBuildPhase section */

/* Begin PBXShellScriptBuildPhase section */
		CAF37CB81FBFFB1D0023DB72 /* Code Sign Frameworks */ = {
			isa = PBXShellScriptBuildPhase;
			buildActionMask = 2147483647;
			files = (
			);
			inputPaths = (
			);
			name = "Code Sign Frameworks";
			outputPaths = (
			);
			runOnlyForDeploymentPostprocessing = 0;
			shellPath = /bin/sh;
			shellScript = "LOCATION=\"${BUILT_PRODUCTS_DIR}\"/\"${FRAMEWORKS_FOLDER_PATH}\"\nIDENTITY=\"Mac Developer: Brandon Evans\"\ncodesign --verbose --force --sign \"$IDENTITY\" \"$LOCATION/FBSimulatorControl.framework/Versions/A/Frameworks/FBControlCore.framework/Versions/A\"\ncodesign --verbose --force --sign \"$IDENTITY\" \"$LOCATION/FBSimulatorControl.framework/Versions/A/Frameworks/XCTestBootstrap.framework/Versions/A/Frameworks/FBControlCore.framework/Versions/A\"\ncodesign --verbose --force --sign \"$IDENTITY\" \"$LOCATION/FBSimulatorControl.framework/Versions/A/Frameworks/XCTestBootstrap.framework/Versions/A\"\ncodesign --verbose --force --sign \"$IDENTITY\" \"$LOCATION/FBSimulatorControl.framework/Versions/A\"";
		};
		CAF37CBB1FC0B0D20023DB72 /* Build Stub and Copy as Resource */ = {
			isa = PBXShellScriptBuildPhase;
			buildActionMask = 2147483647;
			files = (
			);
			inputPaths = (
			);
			name = "Build Stub and Copy as Resource";
			outputPaths = (
			);
			runOnlyForDeploymentPostprocessing = 0;
			shellPath = /bin/sh;
			shellScript = "xcodebuild build -project Stub/JungleGymStub.xcodeproj -target JungleGymStub -sdk iphonesimulator\ncp \"Stub/build/Release-iphonesimulator/JungleGymStub.app/JungleGymStub\" \"${BUILT_PRODUCTS_DIR}/${PRODUCT_NAME}.app/Contents/Resources/JungleGymStub\"\nrm -r Stub/build\n";
		};
/* End PBXShellScriptBuildPhase section */

/* Begin PBXSourcesBuildPhase section */
		CA4BF3001FBE990800037C95 /* Sources */ = {
			isa = PBXSourcesBuildPhase;
			buildActionMask = 2147483647;
			files = (
				CAF37CC41FC165910023DB72 /* Debugger.swift in Sources */,
				CAF37CBA1FBFFC860023DB72 /* SimulatorManager.swift in Sources */,
				CAF37CBF1FC0BF300023DB72 /* Process.swift in Sources */,
				CA4AA7F71FC3EBD000113C8E /* PlaygroundWindowController.swift in Sources */,
				CA4AA7F51FC3EB8A00113C8E /* EditorViewController.swift in Sources */,
				CA4BF30A1FBE990800037C95 /* SimulatorViewController.swift in Sources */,
				CAF37A271FCD07A50080FFB9 /* RulerView.swift in Sources */,
				CA3018631FC7DE7500F0F070 /* Playground.swift in Sources */,
				CAF37A291FCD07BE0080FFB9 /* SwiftSyntaxHighlighter.swift in Sources */,
				CA4BF3081FBE990800037C95 /* AppDelegate.swift in Sources */,
				CA4AA7F31FC3E0E200113C8E /* ExecutionSession.swift in Sources */,
				CAF37CBD1FC0B3830023DB72 /* StubAppGenerator.swift in Sources */,
			);
			runOnlyForDeploymentPostprocessing = 0;
		};
/* End PBXSourcesBuildPhase section */

/* Begin PBXVariantGroup section */
		CA4BF30D1FBE990800037C95 /* Main.storyboard */ = {
			isa = PBXVariantGroup;
			children = (
				CA4BF30E1FBE990800037C95 /* Base */,
			);
			name = Main.storyboard;
			sourceTree = "<group>";
		};
/* End PBXVariantGroup section */

/* Begin XCBuildConfiguration section */
		CA4BF3121FBE990800037C95 /* Debug */ = {
			isa = XCBuildConfiguration;
			buildSettings = {
				ALWAYS_SEARCH_USER_PATHS = NO;
				CLANG_ANALYZER_NONNULL = YES;
				CLANG_ANALYZER_NUMBER_OBJECT_CONVERSION = YES_AGGRESSIVE;
				CLANG_CXX_LANGUAGE_STANDARD = "gnu++14";
				CLANG_CXX_LIBRARY = "libc++";
				CLANG_ENABLE_MODULES = YES;
				CLANG_ENABLE_OBJC_ARC = YES;
				CLANG_WARN_BLOCK_CAPTURE_AUTORELEASING = YES;
				CLANG_WARN_BOOL_CONVERSION = YES;
				CLANG_WARN_COMMA = YES;
				CLANG_WARN_CONSTANT_CONVERSION = YES;
				CLANG_WARN_DIRECT_OBJC_ISA_USAGE = YES_ERROR;
				CLANG_WARN_DOCUMENTATION_COMMENTS = YES;
				CLANG_WARN_EMPTY_BODY = YES;
				CLANG_WARN_ENUM_CONVERSION = YES;
				CLANG_WARN_INFINITE_RECURSION = YES;
				CLANG_WARN_INT_CONVERSION = YES;
				CLANG_WARN_NON_LITERAL_NULL_CONVERSION = YES;
				CLANG_WARN_OBJC_LITERAL_CONVERSION = YES;
				CLANG_WARN_OBJC_ROOT_CLASS = YES_ERROR;
				CLANG_WARN_RANGE_LOOP_ANALYSIS = YES;
				CLANG_WARN_STRICT_PROTOTYPES = YES;
				CLANG_WARN_SUSPICIOUS_MOVE = YES;
				CLANG_WARN_UNGUARDED_AVAILABILITY = YES_AGGRESSIVE;
				CLANG_WARN_UNREACHABLE_CODE = YES;
				CLANG_WARN__DUPLICATE_METHOD_MATCH = YES;
				CODE_SIGN_IDENTITY = "Mac Developer";
				COPY_PHASE_STRIP = NO;
				DEBUG_INFORMATION_FORMAT = dwarf;
				ENABLE_STRICT_OBJC_MSGSEND = YES;
				ENABLE_TESTABILITY = YES;
				GCC_C_LANGUAGE_STANDARD = gnu11;
				GCC_DYNAMIC_NO_PIC = NO;
				GCC_NO_COMMON_BLOCKS = YES;
				GCC_OPTIMIZATION_LEVEL = 0;
				GCC_PREPROCESSOR_DEFINITIONS = (
					"DEBUG=1",
					"$(inherited)",
				);
				GCC_WARN_64_TO_32_BIT_CONVERSION = YES;
				GCC_WARN_ABOUT_RETURN_TYPE = YES_ERROR;
				GCC_WARN_UNDECLARED_SELECTOR = YES;
				GCC_WARN_UNINITIALIZED_AUTOS = YES_AGGRESSIVE;
				GCC_WARN_UNUSED_FUNCTION = YES;
				GCC_WARN_UNUSED_VARIABLE = YES;
				MACOSX_DEPLOYMENT_TARGET = 10.13;
				MTL_ENABLE_DEBUG_INFO = YES;
				ONLY_ACTIVE_ARCH = YES;
				SDKROOT = macosx;
				SWIFT_ACTIVE_COMPILATION_CONDITIONS = DEBUG;
				SWIFT_OPTIMIZATION_LEVEL = "-Onone";
			};
			name = Debug;
		};
		CA4BF3131FBE990800037C95 /* Release */ = {
			isa = XCBuildConfiguration;
			buildSettings = {
				ALWAYS_SEARCH_USER_PATHS = NO;
				CLANG_ANALYZER_NONNULL = YES;
				CLANG_ANALYZER_NUMBER_OBJECT_CONVERSION = YES_AGGRESSIVE;
				CLANG_CXX_LANGUAGE_STANDARD = "gnu++14";
				CLANG_CXX_LIBRARY = "libc++";
				CLANG_ENABLE_MODULES = YES;
				CLANG_ENABLE_OBJC_ARC = YES;
				CLANG_WARN_BLOCK_CAPTURE_AUTORELEASING = YES;
				CLANG_WARN_BOOL_CONVERSION = YES;
				CLANG_WARN_COMMA = YES;
				CLANG_WARN_CONSTANT_CONVERSION = YES;
				CLANG_WARN_DIRECT_OBJC_ISA_USAGE = YES_ERROR;
				CLANG_WARN_DOCUMENTATION_COMMENTS = YES;
				CLANG_WARN_EMPTY_BODY = YES;
				CLANG_WARN_ENUM_CONVERSION = YES;
				CLANG_WARN_INFINITE_RECURSION = YES;
				CLANG_WARN_INT_CONVERSION = YES;
				CLANG_WARN_NON_LITERAL_NULL_CONVERSION = YES;
				CLANG_WARN_OBJC_LITERAL_CONVERSION = YES;
				CLANG_WARN_OBJC_ROOT_CLASS = YES_ERROR;
				CLANG_WARN_RANGE_LOOP_ANALYSIS = YES;
				CLANG_WARN_STRICT_PROTOTYPES = YES;
				CLANG_WARN_SUSPICIOUS_MOVE = YES;
				CLANG_WARN_UNGUARDED_AVAILABILITY = YES_AGGRESSIVE;
				CLANG_WARN_UNREACHABLE_CODE = YES;
				CLANG_WARN__DUPLICATE_METHOD_MATCH = YES;
				CODE_SIGN_IDENTITY = "Mac Developer";
				COPY_PHASE_STRIP = NO;
				DEBUG_INFORMATION_FORMAT = "dwarf-with-dsym";
				ENABLE_NS_ASSERTIONS = NO;
				ENABLE_STRICT_OBJC_MSGSEND = YES;
				GCC_C_LANGUAGE_STANDARD = gnu11;
				GCC_NO_COMMON_BLOCKS = YES;
				GCC_WARN_64_TO_32_BIT_CONVERSION = YES;
				GCC_WARN_ABOUT_RETURN_TYPE = YES_ERROR;
				GCC_WARN_UNDECLARED_SELECTOR = YES;
				GCC_WARN_UNINITIALIZED_AUTOS = YES_AGGRESSIVE;
				GCC_WARN_UNUSED_FUNCTION = YES;
				GCC_WARN_UNUSED_VARIABLE = YES;
				MACOSX_DEPLOYMENT_TARGET = 10.13;
				MTL_ENABLE_DEBUG_INFO = NO;
				SDKROOT = macosx;
				SWIFT_OPTIMIZATION_LEVEL = "-Owholemodule";
			};
			name = Release;
		};
		CA4BF3151FBE990800037C95 /* Debug */ = {
			isa = XCBuildConfiguration;
			buildSettings = {
				ASSETCATALOG_COMPILER_APPICON_NAME = AppIcon;
				CODE_SIGN_STYLE = Automatic;
				COMBINE_HIDPI_IMAGES = YES;
				DEVELOPMENT_TEAM = Z2R9WCWER2;
				INFOPLIST_FILE = JungleGym/Info.plist;
				LD_RUNPATH_SEARCH_PATHS = "$(inherited) @executable_path/../Frameworks $(SYSTEM_APPS_DIR)/Xcode.app/Contents/SharedFrameworks";
				PRODUCT_BUNDLE_IDENTIFIER = ca.brandonevans.JungleGym;
				PRODUCT_NAME = "$(TARGET_NAME)";
				SWIFT_VERSION = 4.0;
			};
			name = Debug;
		};
		CA4BF3161FBE990800037C95 /* Release */ = {
			isa = XCBuildConfiguration;
			buildSettings = {
				ASSETCATALOG_COMPILER_APPICON_NAME = AppIcon;
				CODE_SIGN_STYLE = Automatic;
				COMBINE_HIDPI_IMAGES = YES;
				DEVELOPMENT_TEAM = Z2R9WCWER2;
				INFOPLIST_FILE = JungleGym/Info.plist;
				LD_RUNPATH_SEARCH_PATHS = "$(inherited) @executable_path/../Frameworks $(SYSTEM_APPS_DIR)/Xcode.app/Contents/SharedFrameworks";
				PRODUCT_BUNDLE_IDENTIFIER = ca.brandonevans.JungleGym;
				PRODUCT_NAME = "$(TARGET_NAME)";
				SWIFT_VERSION = 4.0;
			};
			name = Release;
		};
/* End XCBuildConfiguration section */

/* Begin XCConfigurationList section */
		CA4BF2FF1FBE990700037C95 /* Build configuration list for PBXProject "JungleGym" */ = {
			isa = XCConfigurationList;
			buildConfigurations = (
				CA4BF3121FBE990800037C95 /* Debug */,
				CA4BF3131FBE990800037C95 /* Release */,
			);
			defaultConfigurationIsVisible = 0;
			defaultConfigurationName = Release;
		};
		CA4BF3141FBE990800037C95 /* Build configuration list for PBXNativeTarget "JungleGym" */ = {
			isa = XCConfigurationList;
			buildConfigurations = (
				CA4BF3151FBE990800037C95 /* Debug */,
				CA4BF3161FBE990800037C95 /* Release */,
			);
			defaultConfigurationIsVisible = 0;
			defaultConfigurationName = Release;
		};
/* End XCConfigurationList section */
	};
	rootObject = CA4BF2FC1FBE990700037C95 /* Project object */;
}
